
Microsoft Visual Studio Solution File, Format Version 12.00
# Visual Studio Version 17
VisualStudioVersion = 17.0.32014.148
MinimumVisualStudioVersion = 10.0.40219.1
Project("{8BC9CEB8-8B4A-11D0-8D11-00A0C91BC942}") = "drago", "drago.dll.vcxproj", "{1F7B4B54-FCF1-4E1D-93F5-297F65FDA5C3}"
EndProject
Project("{8BC9CEB8-8B4A-11D0-8D11-00A0C91BC942}") = "SpriteAtlas", "..\SpriteAtlas\SpriteAtlas.vcxproj", "{62A2D86C-F750-4199-9AF6-E20A649D6F1A}"
EndProject
Project("{8BC9CEB8-8B4A-11D0-8D11-00A0C91BC942}") = "FileDropper", "..\FileDropper\FileDropper.vcxproj", "{D6DC2F18-6AE6-42C4-AB42-346405FF3259}"
EndProject
Project("{8BC9CEB8-8B4A-11D0-8D11-00A0C91BC942}") = "Falcon", "..\Fast3DStuff\Fast3DStuff.vcxproj", "{860CB947-E822-444E-9001-A1BD17759769}"
EndProject
Project("{8BC9CEB8-8B4A-11D0-8D11-00A0C91BC942}") = "Bullet", "..\Bullet\Bullet.vcxproj", "{84A9875A-8BCD-4994-B7C3-8B9EDECD53F7}"
EndProject
Project("{8BC9CEB8-8B4A-11D0-8D11-00A0C91BC942}") = "Tests", "..\Tests\Tests.vcxproj", "{3DCF47FB-7DB0-4BFD-B804-2D91FC7B2B52}"
	ProjectSection(ProjectDependencies) = postProject
		{8F13C809-9AF5-43A2-BC52-C232A8653500} = {8F13C809-9AF5-43A2-BC52-C232A8653500}
		{D6DC2F18-6AE6-42C4-AB42-346405FF3259} = {D6DC2F18-6AE6-42C4-AB42-346405FF3259}
		{860CB947-E822-444E-9001-A1BD17759769} = {860CB947-E822-444E-9001-A1BD17759769}
		{1F7B4B54-FCF1-4E1D-93F5-297F65FDA5C3} = {1F7B4B54-FCF1-4E1D-93F5-297F65FDA5C3}
		{62A2D86C-F750-4199-9AF6-E20A649D6F1A} = {62A2D86C-F750-4199-9AF6-E20A649D6F1A}
		{5A55F674-E55F-4766-AB20-E5EF65E50931} = {5A55F674-E55F-4766-AB20-E5EF65E50931}
		{E031B58F-1E7D-46D2-90CD-66A01A961E3D} = {E031B58F-1E7D-46D2-90CD-66A01A961E3D}
		{0F6090B3-04A1-44EA-BC96-C2EC6DC5247E} = {0F6090B3-04A1-44EA-BC96-C2EC6DC5247E}
	EndProjectSection
EndProject
Project("{8BC9CEB8-8B4A-11D0-8D11-00A0C91BC942}") = "Macaw", "..\Macaw\Macaw.vcxproj", "{8F13C809-9AF5-43A2-BC52-C232A8653500}"
EndProject
Project("{8BC9CEB8-8B4A-11D0-8D11-00A0C91BC942}") = "MeshOperations", "..\MeshOperations\MeshOperations.vcxproj", "{5A55F674-E55F-4766-AB20-E5EF65E50931}"
EndProject
Project("{8BC9CEB8-8B4A-11D0-8D11-00A0C91BC942}") = "SpriteOperations", "..\SpriteOperations\SpriteOperations.vcxproj", "{E031B58F-1E7D-46D2-90CD-66A01A961E3D}"
EndProject
Project("{8BC9CEB8-8B4A-11D0-8D11-00A0C91BC942}") = "TerrainOperations", "..\TerrainOperations\TerrainOperations.vcxproj", "{0F6090B3-04A1-44EA-BC96-C2EC6DC5247E}"
	ProjectSection(ProjectDependencies) = postProject
		{E031B58F-1E7D-46D2-90CD-66A01A961E3D} = {E031B58F-1E7D-46D2-90CD-66A01A961E3D}
	EndProjectSection
EndProject
Project("{FAE04EC0-301F-11D3-BF4B-00C04F79EFBC}") = "Aquila", "..\Aquila\Aquila.csproj", "{527FE29E-A302-4F3F-A704-884FA3F25FBD}"
EndProject
Project("{8BC9CEB8-8B4A-11D0-8D11-00A0C91BC942}") = "AssimpOperations", "..\AssimpOperations\AssimpOperations.vcxproj", "{570A35A8-307B-413A-96DB-4B6FB05AA9B4}"
EndProject
Project("{8BC9CEB8-8B4A-11D0-8D11-00A0C91BC942}") = "ThreeDGrids", "..\ThreeDGrids\ThreeDGrids.vcxproj", "{2944D5E8-D5DA-4C79-9F6E-3441DAC8C5CA}"
EndProject
Project("{8BC9CEB8-8B4A-11D0-8D11-00A0C91BC942}") = "ThreeDCollisions", "..\ThreeDCollisions\ThreeDCollisions.vcxproj", "{9DBC2133-B696-478D-9E3C-79AFDA6A249F}"
EndProject
Global
	GlobalSection(SolutionConfigurationPlatforms) = preSolution
		Release|Any CPU = Release|Any CPU
		Release|x64 = Release|x64
		Release|x86 = Release|x86
	EndGlobalSection
	GlobalSection(ProjectConfigurationPlatforms) = postSolution
		{1F7B4B54-FCF1-4E1D-93F5-297F65FDA5C3}.Release|Any CPU.ActiveCfg = Release|x64
		{1F7B4B54-FCF1-4E1D-93F5-297F65FDA5C3}.Release|Any CPU.Build.0 = Release|x64
		{1F7B4B54-FCF1-4E1D-93F5-297F65FDA5C3}.Release|x64.ActiveCfg = Release|x64
		{1F7B4B54-FCF1-4E1D-93F5-297F65FDA5C3}.Release|x64.Build.0 = Release|x64
		{1F7B4B54-FCF1-4E1D-93F5-297F65FDA5C3}.Release|x86.ActiveCfg = Release|Win32
		{1F7B4B54-FCF1-4E1D-93F5-297F65FDA5C3}.Release|x86.Build.0 = Release|Win32
		{62A2D86C-F750-4199-9AF6-E20A649D6F1A}.Release|Any CPU.ActiveCfg = Release|x64
		{62A2D86C-F750-4199-9AF6-E20A649D6F1A}.Release|Any CPU.Build.0 = Release|x64
		{62A2D86C-F750-4199-9AF6-E20A649D6F1A}.Release|x64.ActiveCfg = Release|x64
		{62A2D86C-F750-4199-9AF6-E20A649D6F1A}.Release|x64.Build.0 = Release|x64
		{62A2D86C-F750-4199-9AF6-E20A649D6F1A}.Release|x86.ActiveCfg = Release|Win32
		{62A2D86C-F750-4199-9AF6-E20A649D6F1A}.Release|x86.Build.0 = Release|Win32
		{D6DC2F18-6AE6-42C4-AB42-346405FF3259}.Release|Any CPU.ActiveCfg = Release|x64
		{D6DC2F18-6AE6-42C4-AB42-346405FF3259}.Release|Any CPU.Build.0 = Release|x64
		{D6DC2F18-6AE6-42C4-AB42-346405FF3259}.Release|x64.ActiveCfg = Release|x64
		{D6DC2F18-6AE6-42C4-AB42-346405FF3259}.Release|x64.Build.0 = Release|x64
		{D6DC2F18-6AE6-42C4-AB42-346405FF3259}.Release|x86.ActiveCfg = Release|Win32
		{D6DC2F18-6AE6-42C4-AB42-346405FF3259}.Release|x86.Build.0 = Release|Win32
		{860CB947-E822-444E-9001-A1BD17759769}.Release|Any CPU.ActiveCfg = Release|x64
		{860CB947-E822-444E-9001-A1BD17759769}.Release|Any CPU.Build.0 = Release|x64
		{860CB947-E822-444E-9001-A1BD17759769}.Release|x64.ActiveCfg = Release|x64
		{860CB947-E822-444E-9001-A1BD17759769}.Release|x64.Build.0 = Release|x64
		{860CB947-E822-444E-9001-A1BD17759769}.Release|x86.ActiveCfg = Release|Win32
		{860CB947-E822-444E-9001-A1BD17759769}.Release|x86.Build.0 = Release|Win32
		{84A9875A-8BCD-4994-B7C3-8B9EDECD53F7}.Release|Any CPU.ActiveCfg = Release|x64
		{84A9875A-8BCD-4994-B7C3-8B9EDECD53F7}.Release|Any CPU.Build.0 = Release|x64
		{84A9875A-8BCD-4994-B7C3-8B9EDECD53F7}.Release|x64.ActiveCfg = Release|x64
		{84A9875A-8BCD-4994-B7C3-8B9EDECD53F7}.Release|x64.Build.0 = Release|x64
		{84A9875A-8BCD-4994-B7C3-8B9EDECD53F7}.Release|x86.ActiveCfg = Release|Win32
		{84A9875A-8BCD-4994-B7C3-8B9EDECD53F7}.Release|x86.Build.0 = Release|Win32
		{3DCF47FB-7DB0-4BFD-B804-2D91FC7B2B52}.Release|Any CPU.ActiveCfg = Release|x64
		{3DCF47FB-7DB0-4BFD-B804-2D91FC7B2B52}.Release|Any CPU.Build.0 = Release|x64
		{3DCF47FB-7DB0-4BFD-B804-2D91FC7B2B52}.Release|x64.ActiveCfg = Release|x64
		{3DCF47FB-7DB0-4BFD-B804-2D91FC7B2B52}.Release|x64.Build.0 = Release|x64
		{3DCF47FB-7DB0-4BFD-B804-2D91FC7B2B52}.Release|x86.ActiveCfg = Release|Win32
		{3DCF47FB-7DB0-4BFD-B804-2D91FC7B2B52}.Release|x86.Build.0 = Release|Win32
		{8F13C809-9AF5-43A2-BC52-C232A8653500}.Release|Any CPU.ActiveCfg = Release|x64
		{8F13C809-9AF5-43A2-BC52-C232A8653500}.Release|Any CPU.Build.0 = Release|x64
		{8F13C809-9AF5-43A2-BC52-C232A8653500}.Release|x64.ActiveCfg = Release|x64
		{8F13C809-9AF5-43A2-BC52-C232A8653500}.Release|x64.Build.0 = Release|x64
		{8F13C809-9AF5-43A2-BC52-C232A8653500}.Release|x86.ActiveCfg = Release|Win32
		{8F13C809-9AF5-43A2-BC52-C232A8653500}.Release|x86.Build.0 = Release|Win32
		{5A55F674-E55F-4766-AB20-E5EF65E50931}.Release|Any CPU.ActiveCfg = Release|x64
		{5A55F674-E55F-4766-AB20-E5EF65E50931}.Release|Any CPU.Build.0 = Release|x64
		{5A55F674-E55F-4766-AB20-E5EF65E50931}.Release|x64.ActiveCfg = Release|x64
		{5A55F674-E55F-4766-AB20-E5EF65E50931}.Release|x64.Build.0 = Release|x64
		{5A55F674-E55F-4766-AB20-E5EF65E50931}.Release|x86.ActiveCfg = Release|Win32
		{5A55F674-E55F-4766-AB20-E5EF65E50931}.Release|x86.Build.0 = Release|Win32
		{E031B58F-1E7D-46D2-90CD-66A01A961E3D}.Release|Any CPU.ActiveCfg = Release|x64
		{E031B58F-1E7D-46D2-90CD-66A01A961E3D}.Release|Any CPU.Build.0 = Release|x64
		{E031B58F-1E7D-46D2-90CD-66A01A961E3D}.Release|x64.ActiveCfg = Release|x64
		{E031B58F-1E7D-46D2-90CD-66A01A961E3D}.Release|x64.Build.0 = Release|x64
		{E031B58F-1E7D-46D2-90CD-66A01A961E3D}.Release|x86.ActiveCfg = Release|Win32
		{E031B58F-1E7D-46D2-90CD-66A01A961E3D}.Release|x86.Build.0 = Release|Win32
		{0F6090B3-04A1-44EA-BC96-C2EC6DC5247E}.Release|Any CPU.ActiveCfg = Release|x64
		{0F6090B3-04A1-44EA-BC96-C2EC6DC5247E}.Release|Any CPU.Build.0 = Release|x64
		{0F6090B3-04A1-44EA-BC96-C2EC6DC5247E}.Release|x64.ActiveCfg = Release|x64
		{0F6090B3-04A1-44EA-BC96-C2EC6DC5247E}.Release|x64.Build.0 = Release|x64
		{0F6090B3-04A1-44EA-BC96-C2EC6DC5247E}.Release|x86.ActiveCfg = Release|Win32
		{0F6090B3-04A1-44EA-BC96-C2EC6DC5247E}.Release|x86.Build.0 = Release|Win32
		{527FE29E-A302-4F3F-A704-884FA3F25FBD}.Release|Any CPU.ActiveCfg = Release|Any CPU
		{527FE29E-A302-4F3F-A704-884FA3F25FBD}.Release|Any CPU.Build.0 = Release|Any CPU
		{527FE29E-A302-4F3F-A704-884FA3F25FBD}.Release|x64.ActiveCfg = Release|Any CPU
		{527FE29E-A302-4F3F-A704-884FA3F25FBD}.Release|x64.Build.0 = Release|Any CPU
		{527FE29E-A302-4F3F-A704-884FA3F25FBD}.Release|x86.ActiveCfg = Release|Any CPU
		{527FE29E-A302-4F3F-A704-884FA3F25FBD}.Release|x86.Build.0 = Release|Any CPU
		{570A35A8-307B-413A-96DB-4B6FB05AA9B4}.Release|Any CPU.ActiveCfg = Release|x64
		{570A35A8-307B-413A-96DB-4B6FB05AA9B4}.Release|Any CPU.Build.0 = Release|x64
		{570A35A8-307B-413A-96DB-4B6FB05AA9B4}.Release|x64.ActiveCfg = Release|x64
		{570A35A8-307B-413A-96DB-4B6FB05AA9B4}.Release|x64.Build.0 = Release|x64
		{570A35A8-307B-413A-96DB-4B6FB05AA9B4}.Release|x86.ActiveCfg = Release|Win32
		{570A35A8-307B-413A-96DB-4B6FB05AA9B4}.Release|x86.Build.0 = Release|Win32
		{2944D5E8-D5DA-4C79-9F6E-3441DAC8C5CA}.Release|Any CPU.ActiveCfg = Release|x64
		{2944D5E8-D5DA-4C79-9F6E-3441DAC8C5CA}.Release|Any CPU.Build.0 = Release|x64
		{2944D5E8-D5DA-4C79-9F6E-3441DAC8C5CA}.Release|x64.ActiveCfg = Release|x64
		{2944D5E8-D5DA-4C79-9F6E-3441DAC8C5CA}.Release|x64.Build.0 = Release|x64
		{2944D5E8-D5DA-4C79-9F6E-3441DAC8C5CA}.Release|x86.ActiveCfg = Release|Win32
		{2944D5E8-D5DA-4C79-9F6E-3441DAC8C5CA}.Release|x86.Build.0 = Release|Win32
		{9DBC2133-B696-478D-9E3C-79AFDA6A249F}.Release|Any CPU.ActiveCfg = Release|x64
		{9DBC2133-B696-478D-9E3C-79AFDA6A249F}.Release|Any CPU.Build.0 = Release|x64
		{9DBC2133-B696-478D-9E3C-79AFDA6A249F}.Release|x64.ActiveCfg = Release|x64
		{9DBC2133-B696-478D-9E3C-79AFDA6A249F}.Release|x64.Build.0 = Release|x64
		{9DBC2133-B696-478D-9E3C-79AFDA6A249F}.Release|x86.ActiveCfg = Release|Win32
		{9DBC2133-B696-478D-9E3C-79AFDA6A249F}.Release|x86.Build.0 = Release|Win32
	EndGlobalSection
	GlobalSection(SolutionProperties) = preSolution
		HideSolutionNode = FALSE
	EndGlobalSection
	GlobalSection(ExtensibilityGlobals) = postSolution
		SolutionGuid = {24F63042-C6D5-4564-85E8-1B72B2C571EA}
	EndGlobalSection
EndGlobal
