
Microsoft Visual Studio Solution File, Format Version 12.00
# Visual Studio Version 16
VisualStudioVersion = 16.0.30711.63
MinimumVisualStudioVersion = 10.0.40219.1
Project("{8BC9CEB8-8B4A-11D0-8D11-00A0C91BC942}") = "drago", "drago.dll.vcxproj", "{1F7B4B54-FCF1-4E1D-93F5-297F65FDA5C3}"
EndProject
Project("{8BC9CEB8-8B4A-11D0-8D11-00A0C91BC942}") = "SpriteAtlas", "..\SpriteAtlas\SpriteAtlas.vcxproj", "{62A2D86C-F750-4199-9AF6-E20A649D6F1A}"
EndProject
Project("{8BC9CEB8-8B4A-11D0-8D11-00A0C91BC942}") = "FileDropper", "..\FileDropper\FileDropper.vcxproj", "{D6DC2F18-6AE6-42C4-AB42-346405FF3259}"
EndProject
Project("{8BC9CEB8-8B4A-11D0-8D11-00A0C91BC942}") = "Falcon", "..\Fast3DStuff\Fast3DStuff.vcxproj", "{860CB947-E822-444E-9001-A1BD17759769}"
EndProject
Project("{8BC9CEB8-8B4A-11D0-8D11-00A0C91BC942}") = "Bullet", "..\Bullet\Bullet.vcxproj", "{84A9875A-8BCD-4994-B7C3-8B9EDECD53F7}"
EndProject
Project("{8BC9CEB8-8B4A-11D0-8D11-00A0C91BC942}") = "Tests", "..\Tests\Tests.vcxproj", "{3DCF47FB-7DB0-4BFD-B804-2D91FC7B2B52}"
EndProject
Project("{8BC9CEB8-8B4A-11D0-8D11-00A0C91BC942}") = "Macaw", "..\Macaw\Macaw.vcxproj", "{8F13C809-9AF5-43A2-BC52-C232A8653500}"
EndProject
Project("{8BC9CEB8-8B4A-11D0-8D11-00A0C91BC942}") = "Aquila", "..\Aquila\Aquila.vcxproj", "{9C803CDF-2AEF-4706-9D1D-9232A3F1A336}"
EndProject
Global
	GlobalSection(SolutionConfigurationPlatforms) = preSolution
		Debug|x64 = Debug|x64
		Debug|x86 = Debug|x86
		Release|x64 = Release|x64
		Release|x86 = Release|x86
	EndGlobalSection
	GlobalSection(ProjectConfigurationPlatforms) = postSolution
		{1F7B4B54-FCF1-4E1D-93F5-297F65FDA5C3}.Debug|x64.ActiveCfg = Debug|x64
		{1F7B4B54-FCF1-4E1D-93F5-297F65FDA5C3}.Debug|x64.Build.0 = Debug|x64
		{1F7B4B54-FCF1-4E1D-93F5-297F65FDA5C3}.Debug|x86.ActiveCfg = Debug|Win32
		{1F7B4B54-FCF1-4E1D-93F5-297F65FDA5C3}.Debug|x86.Build.0 = Debug|Win32
		{1F7B4B54-FCF1-4E1D-93F5-297F65FDA5C3}.Release|x64.ActiveCfg = Release|x64
		{1F7B4B54-FCF1-4E1D-93F5-297F65FDA5C3}.Release|x64.Build.0 = Release|x64
		{1F7B4B54-FCF1-4E1D-93F5-297F65FDA5C3}.Release|x86.ActiveCfg = Release|Win32
		{1F7B4B54-FCF1-4E1D-93F5-297F65FDA5C3}.Release|x86.Build.0 = Release|Win32
		{62A2D86C-F750-4199-9AF6-E20A649D6F1A}.Debug|x64.ActiveCfg = Debug|x64
		{62A2D86C-F750-4199-9AF6-E20A649D6F1A}.Debug|x64.Build.0 = Debug|x64
		{62A2D86C-F750-4199-9AF6-E20A649D6F1A}.Debug|x86.ActiveCfg = Debug|Win32
		{62A2D86C-F750-4199-9AF6-E20A649D6F1A}.Debug|x86.Build.0 = Debug|Win32
		{62A2D86C-F750-4199-9AF6-E20A649D6F1A}.Release|x64.ActiveCfg = Release|x64
		{62A2D86C-F750-4199-9AF6-E20A649D6F1A}.Release|x64.Build.0 = Release|x64
		{62A2D86C-F750-4199-9AF6-E20A649D6F1A}.Release|x86.ActiveCfg = Release|Win32
		{62A2D86C-F750-4199-9AF6-E20A649D6F1A}.Release|x86.Build.0 = Release|Win32
		{D6DC2F18-6AE6-42C4-AB42-346405FF3259}.Debug|x64.ActiveCfg = Debug|x64
		{D6DC2F18-6AE6-42C4-AB42-346405FF3259}.Debug|x64.Build.0 = Debug|x64
		{D6DC2F18-6AE6-42C4-AB42-346405FF3259}.Debug|x86.ActiveCfg = Debug|Win32
		{D6DC2F18-6AE6-42C4-AB42-346405FF3259}.Debug|x86.Build.0 = Debug|Win32
		{D6DC2F18-6AE6-42C4-AB42-346405FF3259}.Release|x64.ActiveCfg = Release|x64
		{D6DC2F18-6AE6-42C4-AB42-346405FF3259}.Release|x64.Build.0 = Release|x64
		{D6DC2F18-6AE6-42C4-AB42-346405FF3259}.Release|x86.ActiveCfg = Release|Win32
		{D6DC2F18-6AE6-42C4-AB42-346405FF3259}.Release|x86.Build.0 = Release|Win32
		{860CB947-E822-444E-9001-A1BD17759769}.Debug|x64.ActiveCfg = Debug|x64
		{860CB947-E822-444E-9001-A1BD17759769}.Debug|x64.Build.0 = Debug|x64
		{860CB947-E822-444E-9001-A1BD17759769}.Debug|x86.ActiveCfg = Debug|Win32
		{860CB947-E822-444E-9001-A1BD17759769}.Debug|x86.Build.0 = Debug|Win32
		{860CB947-E822-444E-9001-A1BD17759769}.Release|x64.ActiveCfg = Release|x64
		{860CB947-E822-444E-9001-A1BD17759769}.Release|x64.Build.0 = Release|x64
		{860CB947-E822-444E-9001-A1BD17759769}.Release|x86.ActiveCfg = Release|Win32
		{860CB947-E822-444E-9001-A1BD17759769}.Release|x86.Build.0 = Release|Win32
		{84A9875A-8BCD-4994-B7C3-8B9EDECD53F7}.Debug|x64.ActiveCfg = Debug|x64
		{84A9875A-8BCD-4994-B7C3-8B9EDECD53F7}.Debug|x64.Build.0 = Debug|x64
		{84A9875A-8BCD-4994-B7C3-8B9EDECD53F7}.Debug|x86.ActiveCfg = Debug|Win32
		{84A9875A-8BCD-4994-B7C3-8B9EDECD53F7}.Debug|x86.Build.0 = Debug|Win32
		{84A9875A-8BCD-4994-B7C3-8B9EDECD53F7}.Release|x64.ActiveCfg = Release|x64
		{84A9875A-8BCD-4994-B7C3-8B9EDECD53F7}.Release|x64.Build.0 = Release|x64
		{84A9875A-8BCD-4994-B7C3-8B9EDECD53F7}.Release|x86.ActiveCfg = Release|Win32
		{84A9875A-8BCD-4994-B7C3-8B9EDECD53F7}.Release|x86.Build.0 = Release|Win32
		{3DCF47FB-7DB0-4BFD-B804-2D91FC7B2B52}.Debug|x64.ActiveCfg = Debug|x64
		{3DCF47FB-7DB0-4BFD-B804-2D91FC7B2B52}.Debug|x64.Build.0 = Debug|x64
		{3DCF47FB-7DB0-4BFD-B804-2D91FC7B2B52}.Debug|x86.ActiveCfg = Debug|Win32
		{3DCF47FB-7DB0-4BFD-B804-2D91FC7B2B52}.Debug|x86.Build.0 = Debug|Win32
		{3DCF47FB-7DB0-4BFD-B804-2D91FC7B2B52}.Release|x64.ActiveCfg = Release|x64
		{3DCF47FB-7DB0-4BFD-B804-2D91FC7B2B52}.Release|x64.Build.0 = Release|x64
		{3DCF47FB-7DB0-4BFD-B804-2D91FC7B2B52}.Release|x86.ActiveCfg = Release|Win32
		{3DCF47FB-7DB0-4BFD-B804-2D91FC7B2B52}.Release|x86.Build.0 = Release|Win32
		{8F13C809-9AF5-43A2-BC52-C232A8653500}.Debug|x64.ActiveCfg = Debug|x64
		{8F13C809-9AF5-43A2-BC52-C232A8653500}.Debug|x64.Build.0 = Debug|x64
		{8F13C809-9AF5-43A2-BC52-C232A8653500}.Debug|x86.ActiveCfg = Debug|Win32
		{8F13C809-9AF5-43A2-BC52-C232A8653500}.Debug|x86.Build.0 = Debug|Win32
		{8F13C809-9AF5-43A2-BC52-C232A8653500}.Release|x64.ActiveCfg = Release|x64
		{8F13C809-9AF5-43A2-BC52-C232A8653500}.Release|x64.Build.0 = Release|x64
		{8F13C809-9AF5-43A2-BC52-C232A8653500}.Release|x86.ActiveCfg = Release|Win32
		{8F13C809-9AF5-43A2-BC52-C232A8653500}.Release|x86.Build.0 = Release|Win32
		{9C803CDF-2AEF-4706-9D1D-9232A3F1A336}.Debug|x64.ActiveCfg = Debug|x64
		{9C803CDF-2AEF-4706-9D1D-9232A3F1A336}.Debug|x64.Build.0 = Debug|x64
		{9C803CDF-2AEF-4706-9D1D-9232A3F1A336}.Debug|x86.ActiveCfg = Debug|Win32
		{9C803CDF-2AEF-4706-9D1D-9232A3F1A336}.Debug|x86.Build.0 = Debug|Win32
		{9C803CDF-2AEF-4706-9D1D-9232A3F1A336}.Release|x64.ActiveCfg = Release|x64
		{9C803CDF-2AEF-4706-9D1D-9232A3F1A336}.Release|x64.Build.0 = Release|x64
		{9C803CDF-2AEF-4706-9D1D-9232A3F1A336}.Release|x86.ActiveCfg = Release|Win32
		{9C803CDF-2AEF-4706-9D1D-9232A3F1A336}.Release|x86.Build.0 = Release|Win32
	EndGlobalSection
	GlobalSection(SolutionProperties) = preSolution
		HideSolutionNode = FALSE
	EndGlobalSection
	GlobalSection(ExtensibilityGlobals) = postSolution
		SolutionGuid = {24F63042-C6D5-4564-85E8-1B72B2C571EA}
	EndGlobalSection
EndGlobal
